
Microsoft Visual Studio Solution File, Format Version 12.00
# Visual Studio Version 16
VisualStudioVersion = 16.0.29102.190
MinimumVisualStudioVersion = 10.0.40219.1
Project("{FAE04EC0-301F-11D3-BF4B-00C04F79EFBC}") = "tsolesetting", "tsolesetting\tsolesetting.csproj", "{51B4166F-E43B-43F7-AB82-535A98240D73}"
EndProject
Global
	GlobalSection(SolutionConfigurationPlatforms) = preSolution
		Debug|Any CPU = Debug|Any CPU
		Release|Any CPU = Release|Any CPU
	EndGlobalSection
	GlobalSection(ProjectConfigurationPlatforms) = postSolution
		{51B4166F-E43B-43F7-AB82-535A98240D73}.Debug|Any CPU.ActiveCfg = Debug|Any CPU
		{51B4166F-E43B-43F7-AB82-535A98240D73}.Debug|Any CPU.Build.0 = Debug|Any CPU
		{51B4166F-E43B-43F7-AB82-535A98240D73}.Release|Any CPU.ActiveCfg = Release|Any CPU
		{51B4166F-E43B-43F7-AB82-535A98240D73}.Release|Any CPU.Build.0 = Release|Any CPU
	EndGlobalSection
	GlobalSection(SolutionProperties) = preSolution
		HideSolutionNode = FALSE
	EndGlobalSection
	GlobalSection(ExtensibilityGlobals) = postSolution
		SolutionGuid = {2D460906-82C5-4910-9FFC-005AC78B5EF7}
	EndGlobalSection
EndGlobal
